
Microsoft Visual Studio Solution File, Format Version 12.00
# Visual Studio 15
VisualStudioVersion = 15.0.27703.2042
MinimumVisualStudioVersion = 10.0.40219.1
Project("{FAE04EC0-301F-11D3-BF4B-00C04F79EFBC}") = "EmbeddedWindow", "EmbeddedWindow.csproj", "{90F8694F-C9B5-4039-84F2-45142414B665}"
EndProject
Global
	GlobalSection(SolutionConfigurationPlatforms) = preSolution
		Debug|Any CPU = Debug|Any CPU
		Release|Any CPU = Release|Any CPU
	EndGlobalSection
	GlobalSection(ProjectConfigurationPlatforms) = postSolution
		{90F8694F-C9B5-4039-84F2-45142414B665}.Debug|Any CPU.ActiveCfg = Debug|Any CPU
		{90F8694F-C9B5-4039-84F2-45142414B665}.Debug|Any CPU.Build.0 = Debug|Any CPU
		{90F8694F-C9B5-4039-84F2-45142414B665}.Release|Any CPU.ActiveCfg = Release|Any CPU
		{90F8694F-C9B5-4039-84F2-45142414B665}.Release|Any CPU.Build.0 = Release|Any CPU
	EndGlobalSection
	GlobalSection(SolutionProperties) = preSolution
		HideSolutionNode = FALSE
	EndGlobalSection
	GlobalSection(ExtensibilityGlobals) = postSolution
		SolutionGuid = {4F4860F6-6990-48DE-AEE4-FAAE54383596}
	EndGlobalSection
EndGlobal
